// !$*UTF8*$!
{
	archiveVersion = 1;
	classes = {
	};
	objectVersion = 46;
	objects = {

/* Begin PBXBuildFile section */
		005CF56D1DDA52EE005D7EE8 /* libmit_hrtf_lib.a in Frameworks */ = {isa = PBXBuildFile; fileRef = 005CF56A1DDA3947005D7EE8 /* libmit_hrtf_lib.a */; };
		009521CE1D63C6DF00A47621 /* AmbisonicEncoderDistSansDelay.cpp in Sources */ = {isa = PBXBuildFile; fileRef = 009521CC1D63C6DF00A47621 /* AmbisonicEncoderDistSansDelay.cpp */; };
		009521CF1D63C6DF00A47621 /* AmbisonicEncoderDistSansDelay.h in Headers */ = {isa = PBXBuildFile; fileRef = 009521CD1D63C6DF00A47621 /* AmbisonicEncoderDistSansDelay.h */; };
		009522831D67A7E200A47621 /* kiss_fft.c in Sources */ = {isa = PBXBuildFile; fileRef = 009522821D67A7E200A47621 /* kiss_fft.c */; };
		009522851D67A86E00A47621 /* kiss_fftr.c in Sources */ = {isa = PBXBuildFile; fileRef = 009522841D67A86E00A47621 /* kiss_fftr.c */; };
		009522871D67A8C900A47621 /* _kiss_fft_guts.h in Headers */ = {isa = PBXBuildFile; fileRef = 009522861D67A8C900A47621 /* _kiss_fft_guts.h */; };
		009522891D67A8E000A47621 /* kissfft.hh in Headers */ = {isa = PBXBuildFile; fileRef = 009522881D67A8E000A47621 /* kissfft.hh */; };
		009522941D67A8EF00A47621 /* fftutil.c in Sources */ = {isa = PBXBuildFile; fileRef = 0095228A1D67A8EF00A47621 /* fftutil.c */; };
		009522951D67A8EF00A47621 /* kfc.c in Sources */ = {isa = PBXBuildFile; fileRef = 0095228B1D67A8EF00A47621 /* kfc.c */; };
		009522961D67A8EF00A47621 /* kfc.h in Headers */ = {isa = PBXBuildFile; fileRef = 0095228C1D67A8EF00A47621 /* kfc.h */; };
		009522971D67A8EF00A47621 /* kiss_fastfir.c in Sources */ = {isa = PBXBuildFile; fileRef = 0095228D1D67A8EF00A47621 /* kiss_fastfir.c */; };
		009522981D67A8EF00A47621 /* kiss_fftnd.c in Sources */ = {isa = PBXBuildFile; fileRef = 0095228E1D67A8EF00A47621 /* kiss_fftnd.c */; };
		009522991D67A8EF00A47621 /* kiss_fftnd.h in Headers */ = {isa = PBXBuildFile; fileRef = 0095228F1D67A8EF00A47621 /* kiss_fftnd.h */; };
		0095229A1D67A8EF00A47621 /* kiss_fftndr.c in Sources */ = {isa = PBXBuildFile; fileRef = 009522901D67A8EF00A47621 /* kiss_fftndr.c */; };
		0095229B1D67A8EF00A47621 /* kiss_fftndr.h in Headers */ = {isa = PBXBuildFile; fileRef = 009522911D67A8EF00A47621 /* kiss_fftndr.h */; };
		00DA556B1CF3A3EF002B2D0F /* kiss_fftr.h in Headers */ = {isa = PBXBuildFile; fileRef = 00DA556A1CF3A3EF002B2D0F /* kiss_fftr.h */; };
		00DA556D1CF3A414002B2D0F /* kiss_fft.h in Headers */ = {isa = PBXBuildFile; fileRef = 00DA556C1CF3A414002B2D0F /* kiss_fft.h */; };
		C9AEF69B10B0489900C7D86D /* Ambisonics.h in Headers */ = {isa = PBXBuildFile; fileRef = C9AEF69A10B0489900C7D86D /* Ambisonics.h */; };
		C9AEF6B610B048A700C7D86D /* AmbisonicBase.cpp in Sources */ = {isa = PBXBuildFile; fileRef = C9AEF69C10B048A700C7D86D /* AmbisonicBase.cpp */; };
		C9AEF6B710B048A700C7D86D /* AmbisonicBase.h in Headers */ = {isa = PBXBuildFile; fileRef = C9AEF69D10B048A700C7D86D /* AmbisonicBase.h */; };
		C9AEF6B810B048A700C7D86D /* AmbisonicBinauralizer.cpp in Sources */ = {isa = PBXBuildFile; fileRef = C9AEF69E10B048A700C7D86D /* AmbisonicBinauralizer.cpp */; };
		C9AEF6B910B048A700C7D86D /* AmbisonicBinauralizer.h in Headers */ = {isa = PBXBuildFile; fileRef = C9AEF69F10B048A700C7D86D /* AmbisonicBinauralizer.h */; };
		C9AEF6BA10B048A700C7D86D /* AmbisonicCommons.cpp in Sources */ = {isa = PBXBuildFile; fileRef = C9AEF6A010B048A700C7D86D /* AmbisonicCommons.cpp */; };
		C9AEF6BB10B048A700C7D86D /* AmbisonicCommons.h in Headers */ = {isa = PBXBuildFile; fileRef = C9AEF6A110B048A700C7D86D /* AmbisonicCommons.h */; };
		C9AEF6BC10B048A700C7D86D /* AmbisonicDecoder.cpp in Sources */ = {isa = PBXBuildFile; fileRef = C9AEF6A210B048A700C7D86D /* AmbisonicDecoder.cpp */; };
		C9AEF6BD10B048A700C7D86D /* AmbisonicDecoder.h in Headers */ = {isa = PBXBuildFile; fileRef = C9AEF6A310B048A700C7D86D /* AmbisonicDecoder.h */; };
		C9AEF6BE10B048A700C7D86D /* AmbisonicEncoder.cpp in Sources */ = {isa = PBXBuildFile; fileRef = C9AEF6A410B048A700C7D86D /* AmbisonicEncoder.cpp */; };
		C9AEF6BF10B048A700C7D86D /* AmbisonicEncoder.h in Headers */ = {isa = PBXBuildFile; fileRef = C9AEF6A510B048A700C7D86D /* AmbisonicEncoder.h */; };
		C9AEF6C010B048A700C7D86D /* AmbisonicEncoderDist.cpp in Sources */ = {isa = PBXBuildFile; fileRef = C9AEF6A610B048A700C7D86D /* AmbisonicEncoderDist.cpp */; };
		C9AEF6C110B048A700C7D86D /* AmbisonicEncoderDist.h in Headers */ = {isa = PBXBuildFile; fileRef = C9AEF6A710B048A700C7D86D /* AmbisonicEncoderDist.h */; };
		C9AEF6C210B048A700C7D86D /* AmbisonicMicrophone.cpp in Sources */ = {isa = PBXBuildFile; fileRef = C9AEF6A810B048A700C7D86D /* AmbisonicMicrophone.cpp */; };
		C9AEF6C310B048A700C7D86D /* AmbisonicMicrophone.h in Headers */ = {isa = PBXBuildFile; fileRef = C9AEF6A910B048A700C7D86D /* AmbisonicMicrophone.h */; };
		C9AEF6C410B048A700C7D86D /* AmbisonicProcessor.cpp in Sources */ = {isa = PBXBuildFile; fileRef = C9AEF6AA10B048A700C7D86D /* AmbisonicProcessor.cpp */; };
		C9AEF6C510B048A700C7D86D /* AmbisonicProcessor.h in Headers */ = {isa = PBXBuildFile; fileRef = C9AEF6AB10B048A700C7D86D /* AmbisonicProcessor.h */; };
		C9AEF6C610B048A700C7D86D /* Ambisonics.cpp in Sources */ = {isa = PBXBuildFile; fileRef = C9AEF6AC10B048A700C7D86D /* Ambisonics.cpp */; };
		C9AEF6C710B048A700C7D86D /* AmbisonicSource.cpp in Sources */ = {isa = PBXBuildFile; fileRef = C9AEF6AD10B048A700C7D86D /* AmbisonicSource.cpp */; };
		C9AEF6C810B048A700C7D86D /* AmbisonicSource.h in Headers */ = {isa = PBXBuildFile; fileRef = C9AEF6AE10B048A700C7D86D /* AmbisonicSource.h */; };
		C9AEF6C910B048A700C7D86D /* AmbisonicSpeaker.cpp in Sources */ = {isa = PBXBuildFile; fileRef = C9AEF6AF10B048A700C7D86D /* AmbisonicSpeaker.cpp */; };
		C9AEF6CA10B048A700C7D86D /* AmbisonicSpeaker.h in Headers */ = {isa = PBXBuildFile; fileRef = C9AEF6B010B048A700C7D86D /* AmbisonicSpeaker.h */; };
		C9AEF6CB10B048A700C7D86D /* AmbisonicTypesDefinesCommons.h in Headers */ = {isa = PBXBuildFile; fileRef = C9AEF6B110B048A700C7D86D /* AmbisonicTypesDefinesCommons.h */; };
		C9AEF6CC10B048A700C7D86D /* AmbisonicZoomer.cpp in Sources */ = {isa = PBXBuildFile; fileRef = C9AEF6B210B048A700C7D86D /* AmbisonicZoomer.cpp */; };
		C9AEF6CD10B048A700C7D86D /* AmbisonicZoomer.h in Headers */ = {isa = PBXBuildFile; fileRef = C9AEF6B310B048A700C7D86D /* AmbisonicZoomer.h */; };
		C9AEF6CE10B048A700C7D86D /* BFormat.cpp in Sources */ = {isa = PBXBuildFile; fileRef = C9AEF6B410B048A700C7D86D /* BFormat.cpp */; };
		C9AEF6CF10B048A700C7D86D /* BFormat.h in Headers */ = {isa = PBXBuildFile; fileRef = C9AEF6B510B048A700C7D86D /* BFormat.h */; };
		C9AEF6D110B048C200C7D86D /* mit_hrtf_lib.h in Headers */ = {isa = PBXBuildFile; fileRef = C9AEF6D010B048C200C7D86D /* mit_hrtf_lib.h */; };
/* End PBXBuildFile section */

/* Begin PBXContainerItemProxy section */
		005CF5691DDA3947005D7EE8 /* PBXContainerItemProxy */ = {
			isa = PBXContainerItemProxy;
			containerPortal = 005CF5651DDA3947005D7EE8 /* mit_hrtf_lib.xcodeproj */;
			proxyType = 2;
			remoteGlobalIDString = D2AAC046055464E500DB518D;
			remoteInfo = mit_hrtf_lib;
		};
		005CF56B1DDA52DD005D7EE8 /* PBXContainerItemProxy */ = {
			isa = PBXContainerItemProxy;
			containerPortal = 005CF5651DDA3947005D7EE8 /* mit_hrtf_lib.xcodeproj */;
			proxyType = 1;
			remoteGlobalIDString = D2AAC045055464E500DB518D;
			remoteInfo = mit_hrtf_lib;
		};
/* End PBXContainerItemProxy section */

/* Begin PBXCopyFilesBuildPhase section */
		C9F05EF71A4C489600EEF233 /* Copy Files */ = {
			isa = PBXCopyFilesBuildPhase;
			buildActionMask = 2147483647;
			dstPath = "";
			dstSubfolderSpec = 16;
			files = (
			);
			name = "Copy Files";
			runOnlyForDeploymentPostprocessing = 0;
		};
/* End PBXCopyFilesBuildPhase section */

/* Begin PBXFileReference section */
		005CF5651DDA3947005D7EE8 /* mit_hrtf_lib.xcodeproj */ = {isa = PBXFileReference; lastKnownFileType = "wrapper.pb-project"; name = mit_hrtf_lib.xcodeproj; path = "../../mit-hrtf-lib/mac/mit_hrtf_lib.xcodeproj"; sourceTree = "<group>"; };
		009521CC1D63C6DF00A47621 /* AmbisonicEncoderDistSansDelay.cpp */ = {isa = PBXFileReference; fileEncoding = 4; lastKnownFileType = sourcecode.cpp.cpp; name = AmbisonicEncoderDistSansDelay.cpp; path = ../source/AmbisonicEncoderDistSansDelay.cpp; sourceTree = "<group>"; };
		009521CD1D63C6DF00A47621 /* AmbisonicEncoderDistSansDelay.h */ = {isa = PBXFileReference; fileEncoding = 4; lastKnownFileType = sourcecode.c.h; name = AmbisonicEncoderDistSansDelay.h; path = ../source/AmbisonicEncoderDistSansDelay.h; sourceTree = "<group>"; };
		009522821D67A7E200A47621 /* kiss_fft.c */ = {isa = PBXFileReference; fileEncoding = 4; lastKnownFileType = sourcecode.c.c; name = kiss_fft.c; path = ../../kissfft/kiss_fft.c; sourceTree = "<group>"; };
		009522841D67A86E00A47621 /* kiss_fftr.c */ = {isa = PBXFileReference; fileEncoding = 4; lastKnownFileType = sourcecode.c.c; name = kiss_fftr.c; path = ../../kissfft/tools/kiss_fftr.c; sourceTree = "<group>"; };
		009522861D67A8C900A47621 /* _kiss_fft_guts.h */ = {isa = PBXFileReference; fileEncoding = 4; lastKnownFileType = sourcecode.c.h; name = _kiss_fft_guts.h; path = ../../kissfft/_kiss_fft_guts.h; sourceTree = "<group>"; };
		009522881D67A8E000A47621 /* kissfft.hh */ = {isa = PBXFileReference; fileEncoding = 4; lastKnownFileType = sourcecode.cpp.h; name = kissfft.hh; path = ../../kissfft/kissfft.hh; sourceTree = "<group>"; };
		0095228A1D67A8EF00A47621 /* fftutil.c */ = {isa = PBXFileReference; fileEncoding = 4; lastKnownFileType = sourcecode.c.c; name = fftutil.c; path = ../../kissfft/tools/fftutil.c; sourceTree = "<group>"; };
		0095228B1D67A8EF00A47621 /* kfc.c */ = {isa = PBXFileReference; fileEncoding = 4; lastKnownFileType = sourcecode.c.c; name = kfc.c; path = ../../kissfft/tools/kfc.c; sourceTree = "<group>"; };
		0095228C1D67A8EF00A47621 /* kfc.h */ = {isa = PBXFileReference; fileEncoding = 4; lastKnownFileType = sourcecode.c.h; name = kfc.h; path = ../../kissfft/tools/kfc.h; sourceTree = "<group>"; };
		0095228D1D67A8EF00A47621 /* kiss_fastfir.c */ = {isa = PBXFileReference; fileEncoding = 4; lastKnownFileType = sourcecode.c.c; name = kiss_fastfir.c; path = ../../kissfft/tools/kiss_fastfir.c; sourceTree = "<group>"; };
		0095228E1D67A8EF00A47621 /* kiss_fftnd.c */ = {isa = PBXFileReference; fileEncoding = 4; lastKnownFileType = sourcecode.c.c; name = kiss_fftnd.c; path = ../../kissfft/tools/kiss_fftnd.c; sourceTree = "<group>"; };
		0095228F1D67A8EF00A47621 /* kiss_fftnd.h */ = {isa = PBXFileReference; fileEncoding = 4; lastKnownFileType = sourcecode.c.h; name = kiss_fftnd.h; path = ../../kissfft/tools/kiss_fftnd.h; sourceTree = "<group>"; };
		009522901D67A8EF00A47621 /* kiss_fftndr.c */ = {isa = PBXFileReference; fileEncoding = 4; lastKnownFileType = sourcecode.c.c; name = kiss_fftndr.c; path = ../../kissfft/tools/kiss_fftndr.c; sourceTree = "<group>"; };
		009522911D67A8EF00A47621 /* kiss_fftndr.h */ = {isa = PBXFileReference; fileEncoding = 4; lastKnownFileType = sourcecode.c.h; name = kiss_fftndr.h; path = ../../kissfft/tools/kiss_fftndr.h; sourceTree = "<group>"; };
		00DA556A1CF3A3EF002B2D0F /* kiss_fftr.h */ = {isa = PBXFileReference; lastKnownFileType = sourcecode.c.h; name = kiss_fftr.h; path = ../../kissfft/tools/kiss_fftr.h; sourceTree = "<group>"; };
		00DA556C1CF3A414002B2D0F /* kiss_fft.h */ = {isa = PBXFileReference; lastKnownFileType = sourcecode.c.h; name = kiss_fft.h; path = ../../kissfft/kiss_fft.h; sourceTree = "<group>"; };
		C9AEF69A10B0489900C7D86D /* Ambisonics.h */ = {isa = PBXFileReference; fileEncoding = 4; lastKnownFileType = sourcecode.c.h; name = Ambisonics.h; path = ../include/Ambisonics.h; sourceTree = SOURCE_ROOT; };
		C9AEF69C10B048A700C7D86D /* AmbisonicBase.cpp */ = {isa = PBXFileReference; fileEncoding = 4; lastKnownFileType = sourcecode.cpp.cpp; name = AmbisonicBase.cpp; path = ../source/AmbisonicBase.cpp; sourceTree = SOURCE_ROOT; };
		C9AEF69D10B048A700C7D86D /* AmbisonicBase.h */ = {isa = PBXFileReference; fileEncoding = 4; lastKnownFileType = sourcecode.c.h; name = AmbisonicBase.h; path = ../source/AmbisonicBase.h; sourceTree = SOURCE_ROOT; };
		C9AEF69E10B048A700C7D86D /* AmbisonicBinauralizer.cpp */ = {isa = PBXFileReference; fileEncoding = 4; lastKnownFileType = sourcecode.cpp.cpp; name = AmbisonicBinauralizer.cpp; path = ../source/AmbisonicBinauralizer.cpp; sourceTree = SOURCE_ROOT; };
		C9AEF69F10B048A700C7D86D /* AmbisonicBinauralizer.h */ = {isa = PBXFileReference; fileEncoding = 4; lastKnownFileType = sourcecode.c.h; name = AmbisonicBinauralizer.h; path = ../source/AmbisonicBinauralizer.h; sourceTree = SOURCE_ROOT; };
		C9AEF6A010B048A700C7D86D /* AmbisonicCommons.cpp */ = {isa = PBXFileReference; fileEncoding = 4; lastKnownFileType = sourcecode.cpp.cpp; name = AmbisonicCommons.cpp; path = ../source/AmbisonicCommons.cpp; sourceTree = SOURCE_ROOT; };
		C9AEF6A110B048A700C7D86D /* AmbisonicCommons.h */ = {isa = PBXFileReference; fileEncoding = 4; lastKnownFileType = sourcecode.c.h; name = AmbisonicCommons.h; path = ../source/AmbisonicCommons.h; sourceTree = SOURCE_ROOT; };
		C9AEF6A210B048A700C7D86D /* AmbisonicDecoder.cpp */ = {isa = PBXFileReference; fileEncoding = 4; lastKnownFileType = sourcecode.cpp.cpp; name = AmbisonicDecoder.cpp; path = ../source/AmbisonicDecoder.cpp; sourceTree = SOURCE_ROOT; };
		C9AEF6A310B048A700C7D86D /* AmbisonicDecoder.h */ = {isa = PBXFileReference; fileEncoding = 4; lastKnownFileType = sourcecode.c.h; name = AmbisonicDecoder.h; path = ../source/AmbisonicDecoder.h; sourceTree = SOURCE_ROOT; };
		C9AEF6A410B048A700C7D86D /* AmbisonicEncoder.cpp */ = {isa = PBXFileReference; fileEncoding = 4; lastKnownFileType = sourcecode.cpp.cpp; name = AmbisonicEncoder.cpp; path = ../source/AmbisonicEncoder.cpp; sourceTree = SOURCE_ROOT; };
		C9AEF6A510B048A700C7D86D /* AmbisonicEncoder.h */ = {isa = PBXFileReference; fileEncoding = 4; lastKnownFileType = sourcecode.c.h; name = AmbisonicEncoder.h; path = ../source/AmbisonicEncoder.h; sourceTree = SOURCE_ROOT; };
		C9AEF6A610B048A700C7D86D /* AmbisonicEncoderDist.cpp */ = {isa = PBXFileReference; fileEncoding = 4; lastKnownFileType = sourcecode.cpp.cpp; name = AmbisonicEncoderDist.cpp; path = ../source/AmbisonicEncoderDist.cpp; sourceTree = SOURCE_ROOT; };
		C9AEF6A710B048A700C7D86D /* AmbisonicEncoderDist.h */ = {isa = PBXFileReference; fileEncoding = 4; lastKnownFileType = sourcecode.c.h; name = AmbisonicEncoderDist.h; path = ../source/AmbisonicEncoderDist.h; sourceTree = SOURCE_ROOT; };
		C9AEF6A810B048A700C7D86D /* AmbisonicMicrophone.cpp */ = {isa = PBXFileReference; fileEncoding = 4; lastKnownFileType = sourcecode.cpp.cpp; name = AmbisonicMicrophone.cpp; path = ../source/AmbisonicMicrophone.cpp; sourceTree = SOURCE_ROOT; };
		C9AEF6A910B048A700C7D86D /* AmbisonicMicrophone.h */ = {isa = PBXFileReference; fileEncoding = 4; lastKnownFileType = sourcecode.c.h; name = AmbisonicMicrophone.h; path = ../source/AmbisonicMicrophone.h; sourceTree = SOURCE_ROOT; };
		C9AEF6AA10B048A700C7D86D /* AmbisonicProcessor.cpp */ = {isa = PBXFileReference; fileEncoding = 4; lastKnownFileType = sourcecode.cpp.cpp; name = AmbisonicProcessor.cpp; path = ../source/AmbisonicProcessor.cpp; sourceTree = SOURCE_ROOT; };
		C9AEF6AB10B048A700C7D86D /* AmbisonicProcessor.h */ = {isa = PBXFileReference; fileEncoding = 4; lastKnownFileType = sourcecode.c.h; name = AmbisonicProcessor.h; path = ../source/AmbisonicProcessor.h; sourceTree = SOURCE_ROOT; };
		C9AEF6AC10B048A700C7D86D /* Ambisonics.cpp */ = {isa = PBXFileReference; fileEncoding = 4; lastKnownFileType = sourcecode.cpp.cpp; name = Ambisonics.cpp; path = ../source/Ambisonics.cpp; sourceTree = SOURCE_ROOT; };
		C9AEF6AD10B048A700C7D86D /* AmbisonicSource.cpp */ = {isa = PBXFileReference; fileEncoding = 4; lastKnownFileType = sourcecode.cpp.cpp; name = AmbisonicSource.cpp; path = ../source/AmbisonicSource.cpp; sourceTree = SOURCE_ROOT; };
		C9AEF6AE10B048A700C7D86D /* AmbisonicSource.h */ = {isa = PBXFileReference; fileEncoding = 4; lastKnownFileType = sourcecode.c.h; name = AmbisonicSource.h; path = ../source/AmbisonicSource.h; sourceTree = SOURCE_ROOT; };
		C9AEF6AF10B048A700C7D86D /* AmbisonicSpeaker.cpp */ = {isa = PBXFileReference; fileEncoding = 4; lastKnownFileType = sourcecode.cpp.cpp; name = AmbisonicSpeaker.cpp; path = ../source/AmbisonicSpeaker.cpp; sourceTree = SOURCE_ROOT; };
		C9AEF6B010B048A700C7D86D /* AmbisonicSpeaker.h */ = {isa = PBXFileReference; fileEncoding = 4; lastKnownFileType = sourcecode.c.h; name = AmbisonicSpeaker.h; path = ../source/AmbisonicSpeaker.h; sourceTree = SOURCE_ROOT; };
		C9AEF6B110B048A700C7D86D /* AmbisonicTypesDefinesCommons.h */ = {isa = PBXFileReference; fileEncoding = 4; lastKnownFileType = sourcecode.c.h; name = AmbisonicTypesDefinesCommons.h; path = ../source/AmbisonicTypesDefinesCommons.h; sourceTree = SOURCE_ROOT; };
		C9AEF6B210B048A700C7D86D /* AmbisonicZoomer.cpp */ = {isa = PBXFileReference; fileEncoding = 4; lastKnownFileType = sourcecode.cpp.cpp; name = AmbisonicZoomer.cpp; path = ../source/AmbisonicZoomer.cpp; sourceTree = SOURCE_ROOT; };
		C9AEF6B310B048A700C7D86D /* AmbisonicZoomer.h */ = {isa = PBXFileReference; fileEncoding = 4; lastKnownFileType = sourcecode.c.h; name = AmbisonicZoomer.h; path = ../source/AmbisonicZoomer.h; sourceTree = SOURCE_ROOT; };
		C9AEF6B410B048A700C7D86D /* BFormat.cpp */ = {isa = PBXFileReference; fileEncoding = 4; lastKnownFileType = sourcecode.cpp.cpp; name = BFormat.cpp; path = ../source/BFormat.cpp; sourceTree = SOURCE_ROOT; };
		C9AEF6B510B048A700C7D86D /* BFormat.h */ = {isa = PBXFileReference; fileEncoding = 4; lastKnownFileType = sourcecode.c.h; name = BFormat.h; path = ../source/BFormat.h; sourceTree = SOURCE_ROOT; };
		C9AEF6D010B048C200C7D86D /* mit_hrtf_lib.h */ = {isa = PBXFileReference; fileEncoding = 4; lastKnownFileType = sourcecode.c.h; name = mit_hrtf_lib.h; path = "../../mit-hrtf-lib/include/mit_hrtf_lib.h"; sourceTree = SOURCE_ROOT; };
		D2AAC046055464E500DB518D /* libamblib.a */ = {isa = PBXFileReference; explicitFileType = archive.ar; includeInIndex = 0; path = libamblib.a; sourceTree = BUILT_PRODUCTS_DIR; };
/* End PBXFileReference section */

/* Begin PBXFrameworksBuildPhase section */
		D289987405E68DCB004EDB86 /* Frameworks */ = {
			isa = PBXFrameworksBuildPhase;
			buildActionMask = 2147483647;
			files = (
				005CF56D1DDA52EE005D7EE8 /* libmit_hrtf_lib.a in Frameworks */,
			);
			runOnlyForDeploymentPostprocessing = 0;
		};
/* End PBXFrameworksBuildPhase section */

/* Begin PBXGroup section */
		005CF5661DDA3947005D7EE8 /* Products */ = {
			isa = PBXGroup;
			children = (
				005CF56A1DDA3947005D7EE8 /* libmit_hrtf_lib.a */,
			);
			name = Products;
			sourceTree = "<group>";
		};
		08FB7794FE84155DC02AAC07 /* amblib */ = {
			isa = PBXGroup;
			children = (
				005CF5651DDA3947005D7EE8 /* mit_hrtf_lib.xcodeproj */,
				00DA556C1CF3A414002B2D0F /* kiss_fft.h */,
				009522881D67A8E000A47621 /* kissfft.hh */,
				00DA556A1CF3A3EF002B2D0F /* kiss_fftr.h */,
				009522841D67A86E00A47621 /* kiss_fftr.c */,
				009522821D67A7E200A47621 /* kiss_fft.c */,
				009522861D67A8C900A47621 /* _kiss_fft_guts.h */,
				0095228A1D67A8EF00A47621 /* fftutil.c */,
				0095228B1D67A8EF00A47621 /* kfc.c */,
				0095228C1D67A8EF00A47621 /* kfc.h */,
				0095228D1D67A8EF00A47621 /* kiss_fastfir.c */,
				0095228E1D67A8EF00A47621 /* kiss_fftnd.c */,
				0095228F1D67A8EF00A47621 /* kiss_fftnd.h */,
				009522901D67A8EF00A47621 /* kiss_fftndr.c */,
				009522911D67A8EF00A47621 /* kiss_fftndr.h */,
				08FB7795FE84155DC02AAC07 /* Source */,
				C6A0FF2B0290797F04C91782 /* Documentation */,
				1AB674ADFE9D54B511CA2CBB /* Products */,
			);
			name = amblib;
			sourceTree = "<group>";
		};
		08FB7795FE84155DC02AAC07 /* Source */ = {
			isa = PBXGroup;
			children = (
				009521CC1D63C6DF00A47621 /* AmbisonicEncoderDistSansDelay.cpp */,
				009521CD1D63C6DF00A47621 /* AmbisonicEncoderDistSansDelay.h */,
				C9AEF6D010B048C200C7D86D /* mit_hrtf_lib.h */,
				C9AEF69C10B048A700C7D86D /* AmbisonicBase.cpp */,
				C9AEF69D10B048A700C7D86D /* AmbisonicBase.h */,
				C9AEF69E10B048A700C7D86D /* AmbisonicBinauralizer.cpp */,
				C9AEF69F10B048A700C7D86D /* AmbisonicBinauralizer.h */,
				C9AEF6A010B048A700C7D86D /* AmbisonicCommons.cpp */,
				C9AEF6A110B048A700C7D86D /* AmbisonicCommons.h */,
				C9AEF6A210B048A700C7D86D /* AmbisonicDecoder.cpp */,
				C9AEF6A310B048A700C7D86D /* AmbisonicDecoder.h */,
				C9AEF6A410B048A700C7D86D /* AmbisonicEncoder.cpp */,
				C9AEF6A510B048A700C7D86D /* AmbisonicEncoder.h */,
				C9AEF6A610B048A700C7D86D /* AmbisonicEncoderDist.cpp */,
				C9AEF6A710B048A700C7D86D /* AmbisonicEncoderDist.h */,
				C9AEF6A810B048A700C7D86D /* AmbisonicMicrophone.cpp */,
				C9AEF6A910B048A700C7D86D /* AmbisonicMicrophone.h */,
				C9AEF6AA10B048A700C7D86D /* AmbisonicProcessor.cpp */,
				C9AEF6AB10B048A700C7D86D /* AmbisonicProcessor.h */,
				C9AEF6AC10B048A700C7D86D /* Ambisonics.cpp */,
				C9AEF6AD10B048A700C7D86D /* AmbisonicSource.cpp */,
				C9AEF6AE10B048A700C7D86D /* AmbisonicSource.h */,
				C9AEF6AF10B048A700C7D86D /* AmbisonicSpeaker.cpp */,
				C9AEF6B010B048A700C7D86D /* AmbisonicSpeaker.h */,
				C9AEF6B110B048A700C7D86D /* AmbisonicTypesDefinesCommons.h */,
				C9AEF6B210B048A700C7D86D /* AmbisonicZoomer.cpp */,
				C9AEF6B310B048A700C7D86D /* AmbisonicZoomer.h */,
				C9AEF6B410B048A700C7D86D /* BFormat.cpp */,
				C9AEF6B510B048A700C7D86D /* BFormat.h */,
				C9AEF69A10B0489900C7D86D /* Ambisonics.h */,
			);
			name = Source;
			sourceTree = "<group>";
		};
		1AB674ADFE9D54B511CA2CBB /* Products */ = {
			isa = PBXGroup;
			children = (
				D2AAC046055464E500DB518D /* libamblib.a */,
			);
			name = Products;
			sourceTree = "<group>";
		};
		C6A0FF2B0290797F04C91782 /* Documentation */ = {
			isa = PBXGroup;
			children = (
			);
			name = Documentation;
			sourceTree = "<group>";
		};
/* End PBXGroup section */

/* Begin PBXHeadersBuildPhase section */
		D2AAC043055464E500DB518D /* Headers */ = {
			isa = PBXHeadersBuildPhase;
			buildActionMask = 2147483647;
			files = (
				00DA556D1CF3A414002B2D0F /* kiss_fft.h in Headers */,
				00DA556B1CF3A3EF002B2D0F /* kiss_fftr.h in Headers */,
				C9AEF69B10B0489900C7D86D /* Ambisonics.h in Headers */,
				C9AEF6B710B048A700C7D86D /* AmbisonicBase.h in Headers */,
				C9AEF6B910B048A700C7D86D /* AmbisonicBinauralizer.h in Headers */,
				0095229B1D67A8EF00A47621 /* kiss_fftndr.h in Headers */,
				C9AEF6BB10B048A700C7D86D /* AmbisonicCommons.h in Headers */,
				C9AEF6BD10B048A700C7D86D /* AmbisonicDecoder.h in Headers */,
				C9AEF6BF10B048A700C7D86D /* AmbisonicEncoder.h in Headers */,
				009521CF1D63C6DF00A47621 /* AmbisonicEncoderDistSansDelay.h in Headers */,
				C9AEF6C110B048A700C7D86D /* AmbisonicEncoderDist.h in Headers */,
				009522891D67A8E000A47621 /* kissfft.hh in Headers */,
				C9AEF6C310B048A700C7D86D /* AmbisonicMicrophone.h in Headers */,
				009522961D67A8EF00A47621 /* kfc.h in Headers */,
				C9AEF6C510B048A700C7D86D /* AmbisonicProcessor.h in Headers */,
				C9AEF6C810B048A700C7D86D /* AmbisonicSource.h in Headers */,
				009522991D67A8EF00A47621 /* kiss_fftnd.h in Headers */,
				C9AEF6CA10B048A700C7D86D /* AmbisonicSpeaker.h in Headers */,
				009522871D67A8C900A47621 /* _kiss_fft_guts.h in Headers */,
				C9AEF6CB10B048A700C7D86D /* AmbisonicTypesDefinesCommons.h in Headers */,
				C9AEF6CD10B048A700C7D86D /* AmbisonicZoomer.h in Headers */,
				C9AEF6CF10B048A700C7D86D /* BFormat.h in Headers */,
				C9AEF6D110B048C200C7D86D /* mit_hrtf_lib.h in Headers */,
			);
			runOnlyForDeploymentPostprocessing = 0;
		};
/* End PBXHeadersBuildPhase section */

/* Begin PBXNativeTarget section */
		D2AAC045055464E500DB518D /* amblib */ = {
			isa = PBXNativeTarget;
			buildConfigurationList = 1DEB91EB08733DB70010E9CD /* Build configuration list for PBXNativeTarget "amblib" */;
			buildPhases = (
				D2AAC043055464E500DB518D /* Headers */,
				D2AAC044055464E500DB518D /* Sources */,
				D289987405E68DCB004EDB86 /* Frameworks */,
				C9F05EF71A4C489600EEF233 /* Copy Files */,
			);
			buildRules = (
			);
			dependencies = (
				005CF56C1DDA52DD005D7EE8 /* PBXTargetDependency */,
			);
			name = amblib;
			productName = amblib;
			productReference = D2AAC046055464E500DB518D /* libamblib.a */;
			productType = "com.apple.product-type.library.static";
		};
/* End PBXNativeTarget section */

/* Begin PBXProject section */
		08FB7793FE84155DC02AAC07 /* Project object */ = {
			isa = PBXProject;
			attributes = {
				LastUpgradeCheck = 0610;
			};
			buildConfigurationList = 1DEB91EF08733DB70010E9CD /* Build configuration list for PBXProject "amblib" */;
			compatibilityVersion = "Xcode 3.2";
			developmentRegion = English;
			hasScannedForEncodings = 1;
			knownRegions = (
				en,
			);
			mainGroup = 08FB7794FE84155DC02AAC07 /* amblib */;
			projectDirPath = "";
			projectReferences = (
				{
					ProductGroup = 005CF5661DDA3947005D7EE8 /* Products */;
					ProjectRef = 005CF5651DDA3947005D7EE8 /* mit_hrtf_lib.xcodeproj */;
				},
			);
			projectRoot = "";
			targets = (
				D2AAC045055464E500DB518D /* amblib */,
			);
		};
/* End PBXProject section */

/* Begin PBXReferenceProxy section */
		005CF56A1DDA3947005D7EE8 /* libmit_hrtf_lib.a */ = {
			isa = PBXReferenceProxy;
			fileType = archive.ar;
			path = libmit_hrtf_lib.a;
			remoteRef = 005CF5691DDA3947005D7EE8 /* PBXContainerItemProxy */;
			sourceTree = BUILT_PRODUCTS_DIR;
		};
/* End PBXReferenceProxy section */

/* Begin PBXSourcesBuildPhase section */
		D2AAC044055464E500DB518D /* Sources */ = {
			isa = PBXSourcesBuildPhase;
			buildActionMask = 2147483647;
			files = (
				009522981D67A8EF00A47621 /* kiss_fftnd.c in Sources */,
				C9AEF6B610B048A700C7D86D /* AmbisonicBase.cpp in Sources */,
				C9AEF6B810B048A700C7D86D /* AmbisonicBinauralizer.cpp in Sources */,
				C9AEF6BA10B048A700C7D86D /* AmbisonicCommons.cpp in Sources */,
				009522971D67A8EF00A47621 /* kiss_fastfir.c in Sources */,
				C9AEF6BC10B048A700C7D86D /* AmbisonicDecoder.cpp in Sources */,
				0095229A1D67A8EF00A47621 /* kiss_fftndr.c in Sources */,
				C9AEF6BE10B048A700C7D86D /* AmbisonicEncoder.cpp in Sources */,
				009522831D67A7E200A47621 /* kiss_fft.c in Sources */,
				009522951D67A8EF00A47621 /* kfc.c in Sources */,
				C9AEF6C010B048A700C7D86D /* AmbisonicEncoderDist.cpp in Sources */,
				009522851D67A86E00A47621 /* kiss_fftr.c in Sources */,
				C9AEF6C210B048A700C7D86D /* AmbisonicMicrophone.cpp in Sources */,
				009522941D67A8EF00A47621 /* fftutil.c in Sources */,
				009521CE1D63C6DF00A47621 /* AmbisonicEncoderDistSansDelay.cpp in Sources */,
				C9AEF6C410B048A700C7D86D /* AmbisonicProcessor.cpp in Sources */,
				C9AEF6C610B048A700C7D86D /* Ambisonics.cpp in Sources */,
				C9AEF6C710B048A700C7D86D /* AmbisonicSource.cpp in Sources */,
				C9AEF6C910B048A700C7D86D /* AmbisonicSpeaker.cpp in Sources */,
				C9AEF6CC10B048A700C7D86D /* AmbisonicZoomer.cpp in Sources */,
				C9AEF6CE10B048A700C7D86D /* BFormat.cpp in Sources */,
			);
			runOnlyForDeploymentPostprocessing = 0;
		};
/* End PBXSourcesBuildPhase section */

/* Begin PBXTargetDependency section */
		005CF56C1DDA52DD005D7EE8 /* PBXTargetDependency */ = {
			isa = PBXTargetDependency;
			name = mit_hrtf_lib;
			targetProxy = 005CF56B1DDA52DD005D7EE8 /* PBXContainerItemProxy */;
		};
/* End PBXTargetDependency section */

/* Begin XCBuildConfiguration section */
		1DEB91EC08733DB70010E9CD /* Debug */ = {
			isa = XCBuildConfiguration;
			buildSettings = {
				ALWAYS_SEARCH_USER_PATHS = NO;
				COMBINE_HIDPI_IMAGES = YES;
				COPY_PHASE_STRIP = NO;
				DEBUG_INFORMATION_FORMAT = "dwarf-with-dsym";
				GCC_DYNAMIC_NO_PIC = NO;
				GCC_ENABLE_FIX_AND_CONTINUE = YES;
				GCC_MODEL_TUNING = G5;
				GCC_OPTIMIZATION_LEVEL = 0;
				INSTALL_PATH = /usr/local/lib;
				ONLY_ACTIVE_ARCH = NO;
				PRODUCT_NAME = amblib;
				SDKROOT = macosx;
				SEPARATE_STRIP = NO;
				STRIP_INSTALLED_PRODUCT = NO;
			};
			name = Debug;
		};
		1DEB91ED08733DB70010E9CD /* Release */ = {
			isa = XCBuildConfiguration;
			buildSettings = {
				ALWAYS_SEARCH_USER_PATHS = NO;
				COMBINE_HIDPI_IMAGES = YES;
				COPY_PHASE_STRIP = NO;
				DEBUG_INFORMATION_FORMAT = dwarf;
				GCC_MODEL_TUNING = G5;
				INSTALL_PATH = /usr/local/lib;
				PRODUCT_NAME = amblib;
				SDKROOT = macosx;
				SEPARATE_STRIP = NO;
				STRIP_INSTALLED_PRODUCT = NO;
			};
			name = Release;
		};
		1DEB91F008733DB70010E9CD /* Debug */ = {
			isa = XCBuildConfiguration;
			buildSettings = {
				ARCHS = "$(ARCHS_STANDARD_32_64_BIT)";
				GCC_C_LANGUAGE_STANDARD = gnu99;
				GCC_OPTIMIZATION_LEVEL = 0;
				GCC_WARN_ABOUT_RETURN_TYPE = YES;
				GCC_WARN_UNUSED_VARIABLE = YES;
				HEADER_SEARCH_PATHS = "../../kiss_fft//**";
				ONLY_ACTIVE_ARCH = YES;
				PREBINDING = NO;
				SDKROOT = macosx;
			};
			name = Debug;
		};
		1DEB91F108733DB70010E9CD /* Release */ = {
			isa = XCBuildConfiguration;
			buildSettings = {
				ARCHS = "$(ARCHS_STANDARD_32_64_BIT)";
				GCC_C_LANGUAGE_STANDARD = gnu99;
				GCC_WARN_ABOUT_RETURN_TYPE = YES;
				GCC_WARN_UNUSED_VARIABLE = YES;
				HEADER_SEARCH_PATHS = "../../kiss_fft//**";
				PREBINDING = NO;
				SDKROOT = macosx;
			};
			name = Release;
		};
/* End XCBuildConfiguration section */

/* Begin XCConfigurationList section */
		1DEB91EB08733DB70010E9CD /* Build configuration list for PBXNativeTarget "amblib" */ = {
			isa = XCConfigurationList;
			buildConfigurations = (
				1DEB91EC08733DB70010E9CD /* Debug */,
				1DEB91ED08733DB70010E9CD /* Release */,
			);
			defaultConfigurationIsVisible = 0;
			defaultConfigurationName = Release;
		};
		1DEB91EF08733DB70010E9CD /* Build configuration list for PBXProject "amblib" */ = {
			isa = XCConfigurationList;
			buildConfigurations = (
				1DEB91F008733DB70010E9CD /* Debug */,
				1DEB91F108733DB70010E9CD /* Release */,
			);
			defaultConfigurationIsVisible = 0;
			defaultConfigurationName = Release;
		};
/* End XCConfigurationList section */
	};
	rootObject = 08FB7793FE84155DC02AAC07 /* Project object */;
}
